
Microsoft Visual Studio Solution File, Format Version 12.00
# Visual Studio Version 17
VisualStudioVersion = 17.5.33414.496
MinimumVisualStudioVersion = 10.0.40219.1
Project("{9A19103F-16F7-4668-BE54-9A1E7A4F7556}") = "QuEnterprises.com", "QuEnterprises.com\QuEnterprises.com.csproj", "{8DA8E806-DDEB-428D-BD5B-A59474153402}"
EndProject
Project("{FAE04EC0-301F-11D3-BF4B-00C04F79EFBC}") = "DejaQu.com", "DejaQu.com\DejaQu.com.csproj", "{194D435C-6B2B-4775-98F0-A5C922121A4B}"
EndProject
Global
	GlobalSection(SolutionConfigurationPlatforms) = preSolution
		Debug|Any CPU = Debug|Any CPU
		Release|Any CPU = Release|Any CPU
	EndGlobalSection
	GlobalSection(ProjectConfigurationPlatforms) = postSolution
		{8DA8E806-DDEB-428D-BD5B-A59474153402}.Debug|Any CPU.ActiveCfg = Debug|Any CPU
		{8DA8E806-DDEB-428D-BD5B-A59474153402}.Debug|Any CPU.Build.0 = Debug|Any CPU
		{8DA8E806-DDEB-428D-BD5B-A59474153402}.Release|Any CPU.ActiveCfg = Release|Any CPU
		{8DA8E806-DDEB-428D-BD5B-A59474153402}.Release|Any CPU.Build.0 = Release|Any CPU
		{194D435C-6B2B-4775-98F0-A5C922121A4B}.Debug|Any CPU.ActiveCfg = Debug|Any CPU
		{194D435C-6B2B-4775-98F0-A5C922121A4B}.Debug|Any CPU.Build.0 = Debug|Any CPU
		{194D435C-6B2B-4775-98F0-A5C922121A4B}.Release|Any CPU.ActiveCfg = Release|Any CPU
		{194D435C-6B2B-4775-98F0-A5C922121A4B}.Release|Any CPU.Build.0 = Release|Any CPU
	EndGlobalSection
	GlobalSection(SolutionProperties) = preSolution
		HideSolutionNode = FALSE
	EndGlobalSection
	GlobalSection(ExtensibilityGlobals) = postSolution
		SolutionGuid = {F504ED53-FF03-4BC6-A976-69048ABC249C}
	EndGlobalSection
EndGlobal
